
Microsoft Visual Studio Solution File, Format Version 12.00
# Visual Studio Version 17
VisualStudioVersion = 17.1.32319.34
MinimumVisualStudioVersion = 10.0.40219.1
Project("{FAE04EC0-301F-11D3-BF4B-00C04F79EFBC}") = "uvodnVjezbaVarijableIspisPodataka", "uvodnVjezbaVarijableIspisPodataka\uvodnVjezbaVarijableIspisPodataka.csproj", "{7919623D-556F-43BC-A946-E40D2A1422F4}"
EndProject
Global
	GlobalSection(SolutionConfigurationPlatforms) = preSolution
		Debug|Any CPU = Debug|Any CPU
		Release|Any CPU = Release|Any CPU
	EndGlobalSection
	GlobalSection(ProjectConfigurationPlatforms) = postSolution
		{7919623D-556F-43BC-A946-E40D2A1422F4}.Debug|Any CPU.ActiveCfg = Debug|Any CPU
		{7919623D-556F-43BC-A946-E40D2A1422F4}.Debug|Any CPU.Build.0 = Debug|Any CPU
		{7919623D-556F-43BC-A946-E40D2A1422F4}.Release|Any CPU.ActiveCfg = Release|Any CPU
		{7919623D-556F-43BC-A946-E40D2A1422F4}.Release|Any CPU.Build.0 = Release|Any CPU
	EndGlobalSection
	GlobalSection(SolutionProperties) = preSolution
		HideSolutionNode = FALSE
	EndGlobalSection
	GlobalSection(ExtensibilityGlobals) = postSolution
		SolutionGuid = {2CAFDB85-A317-4C42-A8AA-5BA6349CF68A}
	EndGlobalSection
EndGlobal
